// !$*UTF8*$!
{
	archiveVersion = 1;
	classes = {
	};
	objectVersion = 46;
	objects = {

/* Begin PBXBuildFile section */
		04B707061D5763BF00D11204 /* main.m in Sources */ = {isa = PBXBuildFile; fileRef = 04B707051D5763BF00D11204 /* main.m */; };
		04B707091D5763BF00D11204 /* AppDelegate.m in Sources */ = {isa = PBXBuildFile; fileRef = 04B707081D5763BF00D11204 /* AppDelegate.m */; };
		04B7070C1D5763BF00D11204 /* ViewController.m in Sources */ = {isa = PBXBuildFile; fileRef = 04B7070B1D5763BF00D11204 /* ViewController.m */; };
		04B7070F1D5763BF00D11204 /* Main.storyboard in Resources */ = {isa = PBXBuildFile; fileRef = 04B7070D1D5763BF00D11204 /* Main.storyboard */; };
		04B707121D5763BF00D11204 /* AgendaContatos.xcdatamodeld in Sources */ = {isa = PBXBuildFile; fileRef = 04B707101D5763BF00D11204 /* AgendaContatos.xcdatamodeld */; };
		04B707141D5763BF00D11204 /* Assets.xcassets in Resources */ = {isa = PBXBuildFile; fileRef = 04B707131D5763BF00D11204 /* Assets.xcassets */; };
		04B707171D5763BF00D11204 /* LaunchScreen.storyboard in Resources */ = {isa = PBXBuildFile; fileRef = 04B707151D5763BF00D11204 /* LaunchScreen.storyboard */; };
		04B707221D5763BF00D11204 /* AgendaContatosTests.m in Sources */ = {isa = PBXBuildFile; fileRef = 04B707211D5763BF00D11204 /* AgendaContatosTests.m */; };
		04B7072D1D5763C000D11204 /* AgendaContatosUITests.m in Sources */ = {isa = PBXBuildFile; fileRef = 04B7072C1D5763C000D11204 /* AgendaContatosUITests.m */; };
		04B7073D1D576CD100D11204 /* Contato.m in Sources */ = {isa = PBXBuildFile; fileRef = 04B7073C1D576CD100D11204 /* Contato.m */; };
		04B707471D577EC500D11204 /* ListaContatoViewController.m in Sources */ = {isa = PBXBuildFile; fileRef = 04B707461D577EC500D11204 /* ListaContatoViewController.m */; };
		04B7074B1D57DAFD00D11204 /* ContatoDAO.m in Sources */ = {isa = PBXBuildFile; fileRef = 04B7074A1D57DAFD00D11204 /* ContatoDAO.m */; };
/* End PBXBuildFile section */

/* Begin PBXContainerItemProxy section */
		04B7071E1D5763BF00D11204 /* PBXContainerItemProxy */ = {
			isa = PBXContainerItemProxy;
			containerPortal = 04B706F91D5763BF00D11204 /* Project object */;
			proxyType = 1;
			remoteGlobalIDString = 04B707001D5763BF00D11204;
			remoteInfo = AgendaContatos;
		};
		04B707291D5763C000D11204 /* PBXContainerItemProxy */ = {
			isa = PBXContainerItemProxy;
			containerPortal = 04B706F91D5763BF00D11204 /* Project object */;
			proxyType = 1;
			remoteGlobalIDString = 04B707001D5763BF00D11204;
			remoteInfo = AgendaContatos;
		};
/* End PBXContainerItemProxy section */

/* Begin PBXFileReference section */
		04B707011D5763BF00D11204 /* AgendaContatos.app */ = {isa = PBXFileReference; explicitFileType = wrapper.application; includeInIndex = 0; path = AgendaContatos.app; sourceTree = BUILT_PRODUCTS_DIR; };
		04B707051D5763BF00D11204 /* main.m */ = {isa = PBXFileReference; lastKnownFileType = sourcecode.c.objc; path = main.m; sourceTree = "<group>"; };
		04B707071D5763BF00D11204 /* AppDelegate.h */ = {isa = PBXFileReference; lastKnownFileType = sourcecode.c.h; path = AppDelegate.h; sourceTree = "<group>"; };
		04B707081D5763BF00D11204 /* AppDelegate.m */ = {isa = PBXFileReference; lastKnownFileType = sourcecode.c.objc; path = AppDelegate.m; sourceTree = "<group>"; };
		04B7070A1D5763BF00D11204 /* ViewController.h */ = {isa = PBXFileReference; lastKnownFileType = sourcecode.c.h; path = ViewController.h; sourceTree = "<group>"; };
		04B7070B1D5763BF00D11204 /* ViewController.m */ = {isa = PBXFileReference; lastKnownFileType = sourcecode.c.objc; path = ViewController.m; sourceTree = "<group>"; };
		04B7070E1D5763BF00D11204 /* Base */ = {isa = PBXFileReference; lastKnownFileType = file.storyboard; name = Base; path = Base.lproj/Main.storyboard; sourceTree = "<group>"; };
		04B707111D5763BF00D11204 /* AgendaContatos.xcdatamodel */ = {isa = PBXFileReference; lastKnownFileType = wrapper.xcdatamodel; path = AgendaContatos.xcdatamodel; sourceTree = "<group>"; };
		04B707131D5763BF00D11204 /* Assets.xcassets */ = {isa = PBXFileReference; lastKnownFileType = folder.assetcatalog; path = Assets.xcassets; sourceTree = "<group>"; };
		04B707161D5763BF00D11204 /* Base */ = {isa = PBXFileReference; lastKnownFileType = file.storyboard; name = Base; path = Base.lproj/LaunchScreen.storyboard; sourceTree = "<group>"; };
		04B707181D5763BF00D11204 /* Info.plist */ = {isa = PBXFileReference; lastKnownFileType = text.plist.xml; path = Info.plist; sourceTree = "<group>"; };
		04B7071D1D5763BF00D11204 /* AgendaContatosTests.xctest */ = {isa = PBXFileReference; explicitFileType = wrapper.cfbundle; includeInIndex = 0; path = AgendaContatosTests.xctest; sourceTree = BUILT_PRODUCTS_DIR; };
		04B707211D5763BF00D11204 /* AgendaContatosTests.m */ = {isa = PBXFileReference; lastKnownFileType = sourcecode.c.objc; path = AgendaContatosTests.m; sourceTree = "<group>"; };
		04B707231D5763BF00D11204 /* Info.plist */ = {isa = PBXFileReference; lastKnownFileType = text.plist.xml; path = Info.plist; sourceTree = "<group>"; };
		04B707281D5763C000D11204 /* AgendaContatosUITests.xctest */ = {isa = PBXFileReference; explicitFileType = wrapper.cfbundle; includeInIndex = 0; path = AgendaContatosUITests.xctest; sourceTree = BUILT_PRODUCTS_DIR; };
		04B7072C1D5763C000D11204 /* AgendaContatosUITests.m */ = {isa = PBXFileReference; lastKnownFileType = sourcecode.c.objc; path = AgendaContatosUITests.m; sourceTree = "<group>"; };
		04B7072E1D5763C000D11204 /* Info.plist */ = {isa = PBXFileReference; lastKnownFileType = text.plist.xml; path = Info.plist; sourceTree = "<group>"; };
		04B7073B1D576CD100D11204 /* Contato.h */ = {isa = PBXFileReference; fileEncoding = 4; lastKnownFileType = sourcecode.c.h; path = Contato.h; sourceTree = "<group>"; };
		04B7073C1D576CD100D11204 /* Contato.m */ = {isa = PBXFileReference; fileEncoding = 4; lastKnownFileType = sourcecode.c.objc; path = Contato.m; sourceTree = "<group>"; };
		04B707451D577EC500D11204 /* ListaContatoViewController.h */ = {isa = PBXFileReference; fileEncoding = 4; lastKnownFileType = sourcecode.c.h; path = ListaContatoViewController.h; sourceTree = "<group>"; };
		04B707461D577EC500D11204 /* ListaContatoViewController.m */ = {isa = PBXFileReference; fileEncoding = 4; lastKnownFileType = sourcecode.c.objc; path = ListaContatoViewController.m; sourceTree = "<group>"; };
		04B707491D57DAFD00D11204 /* ContatoDAO.h */ = {isa = PBXFileReference; fileEncoding = 4; lastKnownFileType = sourcecode.c.h; path = ContatoDAO.h; sourceTree = "<group>"; };
		04B7074A1D57DAFD00D11204 /* ContatoDAO.m */ = {isa = PBXFileReference; fileEncoding = 4; lastKnownFileType = sourcecode.c.objc; path = ContatoDAO.m; sourceTree = "<group>"; };
/* End PBXFileReference section */

/* Begin PBXFrameworksBuildPhase section */
		04B706FE1D5763BF00D11204 /* Frameworks */ = {
			isa = PBXFrameworksBuildPhase;
			buildActionMask = 2147483647;
			files = (
			);
			runOnlyForDeploymentPostprocessing = 0;
		};
		04B7071A1D5763BF00D11204 /* Frameworks */ = {
			isa = PBXFrameworksBuildPhase;
			buildActionMask = 2147483647;
			files = (
			);
			runOnlyForDeploymentPostprocessing = 0;
		};
		04B707251D5763C000D11204 /* Frameworks */ = {
			isa = PBXFrameworksBuildPhase;
			buildActionMask = 2147483647;
			files = (
			);
			runOnlyForDeploymentPostprocessing = 0;
		};
/* End PBXFrameworksBuildPhase section */

/* Begin PBXGroup section */
		04B706F81D5763BF00D11204 = {
			isa = PBXGroup;
			children = (
				04B707031D5763BF00D11204 /* AgendaContatos */,
				04B707201D5763BF00D11204 /* AgendaContatosTests */,
				04B7072B1D5763C000D11204 /* AgendaContatosUITests */,
				04B707021D5763BF00D11204 /* Products */,
			);
			sourceTree = "<group>";
		};
		04B707021D5763BF00D11204 /* Products */ = {
			isa = PBXGroup;
			children = (
				04B707011D5763BF00D11204 /* AgendaContatos.app */,
				04B7071D1D5763BF00D11204 /* AgendaContatosTests.xctest */,
				04B707281D5763C000D11204 /* AgendaContatosUITests.xctest */,
			);
			name = Products;
			sourceTree = "<group>";
		};
		04B707031D5763BF00D11204 /* AgendaContatos */ = {
			isa = PBXGroup;
			children = (
				04B707481D57DADC00D11204 /* DAO */,
				04B7073E1D577D9100D11204 /* View */,
				04B7073A1D576B8A00D11204 /* Classe */,
				04B707071D5763BF00D11204 /* AppDelegate.h */,
				04B707081D5763BF00D11204 /* AppDelegate.m */,
				04B7070A1D5763BF00D11204 /* ViewController.h */,
				04B7070B1D5763BF00D11204 /* ViewController.m */,
				04B7070D1D5763BF00D11204 /* Main.storyboard */,
				04B707131D5763BF00D11204 /* Assets.xcassets */,
				04B707151D5763BF00D11204 /* LaunchScreen.storyboard */,
				04B707181D5763BF00D11204 /* Info.plist */,
				04B707101D5763BF00D11204 /* AgendaContatos.xcdatamodeld */,
				04B707041D5763BF00D11204 /* Supporting Files */,
			);
			path = AgendaContatos;
			sourceTree = "<group>";
		};
		04B707041D5763BF00D11204 /* Supporting Files */ = {
			isa = PBXGroup;
			children = (
				04B707051D5763BF00D11204 /* main.m */,
			);
			name = "Supporting Files";
			sourceTree = "<group>";
		};
		04B707201D5763BF00D11204 /* AgendaContatosTests */ = {
			isa = PBXGroup;
			children = (
				04B707211D5763BF00D11204 /* AgendaContatosTests.m */,
				04B707231D5763BF00D11204 /* Info.plist */,
			);
			path = AgendaContatosTests;
			sourceTree = "<group>";
		};
		04B7072B1D5763C000D11204 /* AgendaContatosUITests */ = {
			isa = PBXGroup;
			children = (
				04B7072C1D5763C000D11204 /* AgendaContatosUITests.m */,
				04B7072E1D5763C000D11204 /* Info.plist */,
			);
			path = AgendaContatosUITests;
			sourceTree = "<group>";
		};
		04B7073A1D576B8A00D11204 /* Classe */ = {
			isa = PBXGroup;
			children = (
				04B7073B1D576CD100D11204 /* Contato.h */,
				04B7073C1D576CD100D11204 /* Contato.m */,
			);
			name = Classe;
			sourceTree = "<group>";
		};
		04B7073E1D577D9100D11204 /* View */ = {
			isa = PBXGroup;
			children = (
				04B707451D577EC500D11204 /* ListaContatoViewController.h */,
				04B707461D577EC500D11204 /* ListaContatoViewController.m */,
			);
			name = View;
			sourceTree = "<group>";
		};
		04B707481D57DADC00D11204 /* DAO */ = {
			isa = PBXGroup;
			children = (
				04B707491D57DAFD00D11204 /* ContatoDAO.h */,
				04B7074A1D57DAFD00D11204 /* ContatoDAO.m */,
			);
			name = DAO;
			sourceTree = "<group>";
		};
/* End PBXGroup section */

/* Begin PBXNativeTarget section */
		04B707001D5763BF00D11204 /* AgendaContatos */ = {
			isa = PBXNativeTarget;
			buildConfigurationList = 04B707311D5763C000D11204 /* Build configuration list for PBXNativeTarget "AgendaContatos" */;
			buildPhases = (
				04B706FD1D5763BF00D11204 /* Sources */,
				04B706FE1D5763BF00D11204 /* Frameworks */,
				04B706FF1D5763BF00D11204 /* Resources */,
			);
			buildRules = (
			);
			dependencies = (
			);
			name = AgendaContatos;
			productName = AgendaContatos;
			productReference = 04B707011D5763BF00D11204 /* AgendaContatos.app */;
			productType = "com.apple.product-type.application";
		};
		04B7071C1D5763BF00D11204 /* AgendaContatosTests */ = {
			isa = PBXNativeTarget;
			buildConfigurationList = 04B707341D5763C000D11204 /* Build configuration list for PBXNativeTarget "AgendaContatosTests" */;
			buildPhases = (
				04B707191D5763BF00D11204 /* Sources */,
				04B7071A1D5763BF00D11204 /* Frameworks */,
				04B7071B1D5763BF00D11204 /* Resources */,
			);
			buildRules = (
			);
			dependencies = (
				04B7071F1D5763BF00D11204 /* PBXTargetDependency */,
			);
			name = AgendaContatosTests;
			productName = AgendaContatosTests;
			productReference = 04B7071D1D5763BF00D11204 /* AgendaContatosTests.xctest */;
			productType = "com.apple.product-type.bundle.unit-test";
		};
		04B707271D5763C000D11204 /* AgendaContatosUITests */ = {
			isa = PBXNativeTarget;
			buildConfigurationList = 04B707371D5763C000D11204 /* Build configuration list for PBXNativeTarget "AgendaContatosUITests" */;
			buildPhases = (
				04B707241D5763C000D11204 /* Sources */,
				04B707251D5763C000D11204 /* Frameworks */,
				04B707261D5763C000D11204 /* Resources */,
			);
			buildRules = (
			);
			dependencies = (
				04B7072A1D5763C000D11204 /* PBXTargetDependency */,
			);
			name = AgendaContatosUITests;
			productName = AgendaContatosUITests;
			productReference = 04B707281D5763C000D11204 /* AgendaContatosUITests.xctest */;
			productType = "com.apple.product-type.bundle.ui-testing";
		};
/* End PBXNativeTarget section */

/* Begin PBXProject section */
		04B706F91D5763BF00D11204 /* Project object */ = {
			isa = PBXProject;
			attributes = {
				LastUpgradeCheck = 0800;
				ORGANIZATIONNAME = Mac;
				TargetAttributes = {
					04B707001D5763BF00D11204 = {
						CreatedOnToolsVersion = 8.0;
						ProvisioningStyle = Automatic;
					};
					04B7071C1D5763BF00D11204 = {
						CreatedOnToolsVersion = 8.0;
						ProvisioningStyle = Automatic;
						TestTargetID = 04B707001D5763BF00D11204;
					};
					04B707271D5763C000D11204 = {
						CreatedOnToolsVersion = 8.0;
						ProvisioningStyle = Automatic;
						TestTargetID = 04B707001D5763BF00D11204;
					};
				};
			};
			buildConfigurationList = 04B706FC1D5763BF00D11204 /* Build configuration list for PBXProject "AgendaContatos" */;
			compatibilityVersion = "Xcode 3.2";
			developmentRegion = English;
			hasScannedForEncodings = 0;
			knownRegions = (
				en,
				Base,
			);
			mainGroup = 04B706F81D5763BF00D11204;
			productRefGroup = 04B707021D5763BF00D11204 /* Products */;
			projectDirPath = "";
			projectRoot = "";
			targets = (
				04B707001D5763BF00D11204 /* AgendaContatos */,
				04B7071C1D5763BF00D11204 /* AgendaContatosTests */,
				04B707271D5763C000D11204 /* AgendaContatosUITests */,
			);
		};
/* End PBXProject section */

/* Begin PBXResourcesBuildPhase section */
		04B706FF1D5763BF00D11204 /* Resources */ = {
			isa = PBXResourcesBuildPhase;
			buildActionMask = 2147483647;
			files = (
				04B707171D5763BF00D11204 /* LaunchScreen.storyboard in Resources */,
				04B707141D5763BF00D11204 /* Assets.xcassets in Resources */,
				04B7070F1D5763BF00D11204 /* Main.storyboard in Resources */,
			);
			runOnlyForDeploymentPostprocessing = 0;
		};
		04B7071B1D5763BF00D11204 /* Resources */ = {
			isa = PBXResourcesBuildPhase;
			buildActionMask = 2147483647;
			files = (
			);
			runOnlyForDeploymentPostprocessing = 0;
		};
		04B707261D5763C000D11204 /* Resources */ = {
			isa = PBXResourcesBuildPhase;
			buildActionMask = 2147483647;
			files = (
			);
			runOnlyForDeploymentPostprocessing = 0;
		};
/* End PBXResourcesBuildPhase section */

/* Begin PBXSourcesBuildPhase section */
		04B706FD1D5763BF00D11204 /* Sources */ = {
			isa = PBXSourcesBuildPhase;
			buildActionMask = 2147483647;
			files = (
				04B7073D1D576CD100D11204 /* Contato.m in Sources */,
				04B707471D577EC500D11204 /* ListaContatoViewController.m in Sources */,
				04B7070C1D5763BF00D11204 /* ViewController.m in Sources */,
				04B707091D5763BF00D11204 /* AppDelegate.m in Sources */,
				04B7074B1D57DAFD00D11204 /* ContatoDAO.m in Sources */,
				04B707121D5763BF00D11204 /* AgendaContatos.xcdatamodeld in Sources */,
				04B707061D5763BF00D11204 /* main.m in Sources */,
			);
			runOnlyForDeploymentPostprocessing = 0;
		};
		04B707191D5763BF00D11204 /* Sources */ = {
			isa = PBXSourcesBuildPhase;
			buildActionMask = 2147483647;
			files = (
				04B707221D5763BF00D11204 /* AgendaContatosTests.m in Sources */,
			);
			runOnlyForDeploymentPostprocessing = 0;
		};
		04B707241D5763C000D11204 /* Sources */ = {
			isa = PBXSourcesBuildPhase;
			buildActionMask = 2147483647;
			files = (
				04B7072D1D5763C000D11204 /* AgendaContatosUITests.m in Sources */,
			);
			runOnlyForDeploymentPostprocessing = 0;
		};
/* End PBXSourcesBuildPhase section */

/* Begin PBXTargetDependency section */
		04B7071F1D5763BF00D11204 /* PBXTargetDependency */ = {
			isa = PBXTargetDependency;
			target = 04B707001D5763BF00D11204 /* AgendaContatos */;
			targetProxy = 04B7071E1D5763BF00D11204 /* PBXContainerItemProxy */;
		};
		04B7072A1D5763C000D11204 /* PBXTargetDependency */ = {
			isa = PBXTargetDependency;
			target = 04B707001D5763BF00D11204 /* AgendaContatos */;
			targetProxy = 04B707291D5763C000D11204 /* PBXContainerItemProxy */;
		};
/* End PBXTargetDependency section */

/* Begin PBXVariantGroup section */
		04B7070D1D5763BF00D11204 /* Main.storyboard */ = {
			isa = PBXVariantGroup;
			children = (
				04B7070E1D5763BF00D11204 /* Base */,
			);
			name = Main.storyboard;
			sourceTree = "<group>";
		};
		04B707151D5763BF00D11204 /* LaunchScreen.storyboard */ = {
			isa = PBXVariantGroup;
			children = (
				04B707161D5763BF00D11204 /* Base */,
			);
			name = LaunchScreen.storyboard;
			sourceTree = "<group>";
		};
/* End PBXVariantGroup section */

/* Begin XCBuildConfiguration section */
		04B7072F1D5763C000D11204 /* Debug */ = {
			isa = XCBuildConfiguration;
			buildSettings = {
				ALWAYS_SEARCH_USER_PATHS = NO;
				CLANG_ANALYZER_NONNULL = YES;
				CLANG_CXX_LANGUAGE_STANDARD = "gnu++0x";
				CLANG_CXX_LIBRARY = "libc++";
				CLANG_ENABLE_MODULES = YES;
				CLANG_ENABLE_OBJC_ARC = YES;
				CLANG_WARN_BOOL_CONVERSION = YES;
				CLANG_WARN_CONSTANT_CONVERSION = YES;
				CLANG_WARN_DIRECT_OBJC_ISA_USAGE = YES_ERROR;
				CLANG_WARN_DOCUMENTATION_COMMENTS = YES;
				CLANG_WARN_EMPTY_BODY = YES;
				CLANG_WARN_ENUM_CONVERSION = YES;
				CLANG_WARN_INFINITE_RECURSION = YES;
				CLANG_WARN_INT_CONVERSION = YES;
				CLANG_WARN_OBJC_ROOT_CLASS = YES_ERROR;
				CLANG_WARN_SUSPICIOUS_MOVES = YES;
				CLANG_WARN_UNREACHABLE_CODE = YES;
				CLANG_WARN__DUPLICATE_METHOD_MATCH = YES;
				"CODE_SIGN_IDENTITY[sdk=iphoneos*]" = "iPhone Developer";
				COPY_PHASE_STRIP = NO;
				DEBUG_INFORMATION_FORMAT = dwarf;
				ENABLE_STRICT_OBJC_MSGSEND = YES;
				ENABLE_TESTABILITY = YES;
				GCC_C_LANGUAGE_STANDARD = gnu99;
				GCC_DYNAMIC_NO_PIC = NO;
				GCC_NO_COMMON_BLOCKS = YES;
				GCC_OPTIMIZATION_LEVEL = 0;
				GCC_PREPROCESSOR_DEFINITIONS = (
					"DEBUG=1",
					"$(inherited)",
				);
				GCC_WARN_64_TO_32_BIT_CONVERSION = YES;
				GCC_WARN_ABOUT_RETURN_TYPE = YES_ERROR;
				GCC_WARN_UNDECLARED_SELECTOR = YES;
				GCC_WARN_UNINITIALIZED_AUTOS = YES_AGGRESSIVE;
				GCC_WARN_UNUSED_FUNCTION = YES;
				GCC_WARN_UNUSED_VARIABLE = YES;
				IPHONEOS_DEPLOYMENT_TARGET = 10.0;
				MTL_ENABLE_DEBUG_INFO = YES;
				ONLY_ACTIVE_ARCH = YES;
				SDKROOT = iphoneos;
			};
			name = Debug;
		};
		04B707301D5763C000D11204 /* Release */ = {
			isa = XCBuildConfiguration;
			buildSettings = {
				ALWAYS_SEARCH_USER_PATHS = NO;
				CLANG_ANALYZER_NONNULL = YES;
				CLANG_CXX_LANGUAGE_STANDARD = "gnu++0x";
				CLANG_CXX_LIBRARY = "libc++";
				CLANG_ENABLE_MODULES = YES;
				CLANG_ENABLE_OBJC_ARC = YES;
				CLANG_WARN_BOOL_CONVERSION = YES;
				CLANG_WARN_CONSTANT_CONVERSION = YES;
				CLANG_WARN_DIRECT_OBJC_ISA_USAGE = YES_ERROR;
				CLANG_WARN_DOCUMENTATION_COMMENTS = YES;
				CLANG_WARN_EMPTY_BODY = YES;
				CLANG_WARN_ENUM_CONVERSION = YES;
				CLANG_WARN_INFINITE_RECURSION = YES;
				CLANG_WARN_INT_CONVERSION = YES;
				CLANG_WARN_OBJC_ROOT_CLASS = YES_ERROR;
				CLANG_WARN_SUSPICIOUS_MOVES = YES;
				CLANG_WARN_UNREACHABLE_CODE = YES;
				CLANG_WARN__DUPLICATE_METHOD_MATCH = YES;
				"CODE_SIGN_IDENTITY[sdk=iphoneos*]" = "iPhone Developer";
				COPY_PHASE_STRIP = NO;
				DEBUG_INFORMATION_FORMAT = "dwarf-with-dsym";
				ENABLE_NS_ASSERTIONS = NO;
				ENABLE_STRICT_OBJC_MSGSEND = YES;
				GCC_C_LANGUAGE_STANDARD = gnu99;
				GCC_NO_COMMON_BLOCKS = YES;
				GCC_WARN_64_TO_32_BIT_CONVERSION = YES;
				GCC_WARN_ABOUT_RETURN_TYPE = YES_ERROR;
				GCC_WARN_UNDECLARED_SELECTOR = YES;
				GCC_WARN_UNINITIALIZED_AUTOS = YES_AGGRESSIVE;
				GCC_WARN_UNUSED_FUNCTION = YES;
				GCC_WARN_UNUSED_VARIABLE = YES;
				IPHONEOS_DEPLOYMENT_TARGET = 10.0;
				MTL_ENABLE_DEBUG_INFO = NO;
				SDKROOT = iphoneos;
				VALIDATE_PRODUCT = YES;
			};
			name = Release;
		};
		04B707321D5763C000D11204 /* Debug */ = {
			isa = XCBuildConfiguration;
			buildSettings = {
				ASSETCATALOG_COMPILER_APPICON_NAME = AppIcon;
				INFOPLIST_FILE = AgendaContatos/Info.plist;
				LD_RUNPATH_SEARCH_PATHS = "$(inherited) @executable_path/Frameworks";
				PRODUCT_BUNDLE_IDENTIFIER = br.com.wesley.AgendaContatos;
				PRODUCT_NAME = "$(TARGET_NAME)";
			};
			name = Debug;
		};
		04B707331D5763C000D11204 /* Release */ = {
			isa = XCBuildConfiguration;
			buildSettings = {
				ASSETCATALOG_COMPILER_APPICON_NAME = AppIcon;
				INFOPLIST_FILE = AgendaContatos/Info.plist;
				LD_RUNPATH_SEARCH_PATHS = "$(inherited) @executable_path/Frameworks";
				PRODUCT_BUNDLE_IDENTIFIER = br.com.wesley.AgendaContatos;
				PRODUCT_NAME = "$(TARGET_NAME)";
			};
			name = Release;
		};
		04B707351D5763C000D11204 /* Debug */ = {
			isa = XCBuildConfiguration;
			buildSettings = {
				BUNDLE_LOADER = "$(TEST_HOST)";
				INFOPLIST_FILE = AgendaContatosTests/Info.plist;
				LD_RUNPATH_SEARCH_PATHS = "$(inherited) @executable_path/Frameworks @loader_path/Frameworks";
				PRODUCT_BUNDLE_IDENTIFIER = br.com.wesley.AgendaContatosTests;
				PRODUCT_NAME = "$(TARGET_NAME)";
				TEST_HOST = "$(BUILT_PRODUCTS_DIR)/AgendaContatos.app/AgendaContatos";
			};
			name = Debug;
		};
		04B707361D5763C000D11204 /* Release */ = {
			isa = XCBuildConfiguration;
			buildSettings = {
				BUNDLE_LOADER = "$(TEST_HOST)";
				INFOPLIST_FILE = AgendaContatosTests/Info.plist;
				LD_RUNPATH_SEARCH_PATHS = "$(inherited) @executable_path/Frameworks @loader_path/Frameworks";
				PRODUCT_BUNDLE_IDENTIFIER = br.com.wesley.AgendaContatosTests;
				PRODUCT_NAME = "$(TARGET_NAME)";
				TEST_HOST = "$(BUILT_PRODUCTS_DIR)/AgendaContatos.app/AgendaContatos";
			};
			name = Release;
		};
		04B707381D5763C000D11204 /* Debug */ = {
			isa = XCBuildConfiguration;
			buildSettings = {
				INFOPLIST_FILE = AgendaContatosUITests/Info.plist;
				LD_RUNPATH_SEARCH_PATHS = "$(inherited) @executable_path/Frameworks @loader_path/Frameworks";
				PRODUCT_BUNDLE_IDENTIFIER = br.com.wesley.AgendaContatosUITests;
				PRODUCT_NAME = "$(TARGET_NAME)";
				TEST_TARGET_NAME = AgendaContatos;
			};
			name = Debug;
		};
		04B707391D5763C000D11204 /* Release */ = {
			isa = XCBuildConfiguration;
			buildSettings = {
				INFOPLIST_FILE = AgendaContatosUITests/Info.plist;
				LD_RUNPATH_SEARCH_PATHS = "$(inherited) @executable_path/Frameworks @loader_path/Frameworks";
				PRODUCT_BUNDLE_IDENTIFIER = br.com.wesley.AgendaContatosUITests;
				PRODUCT_NAME = "$(TARGET_NAME)";
				TEST_TARGET_NAME = AgendaContatos;
			};
			name = Release;
		};
/* End XCBuildConfiguration section */

/* Begin XCConfigurationList section */
		04B706FC1D5763BF00D11204 /* Build configuration list for PBXProject "AgendaContatos" */ = {
			isa = XCConfigurationList;
			buildConfigurations = (
				04B7072F1D5763C000D11204 /* Debug */,
				04B707301D5763C000D11204 /* Release */,
			);
			defaultConfigurationIsVisible = 0;
			defaultConfigurationName = Release;
		};
		04B707311D5763C000D11204 /* Build configuration list for PBXNativeTarget "AgendaContatos" */ = {
			isa = XCConfigurationList;
			buildConfigurations = (
				04B707321D5763C000D11204 /* Debug */,
				04B707331D5763C000D11204 /* Release */,
			);
			defaultConfigurationIsVisible = 0;
		};
		04B707341D5763C000D11204 /* Build configuration list for PBXNativeTarget "AgendaContatosTests" */ = {
			isa = XCConfigurationList;
			buildConfigurations = (
				04B707351D5763C000D11204 /* Debug */,
				04B707361D5763C000D11204 /* Release */,
			);
			defaultConfigurationIsVisible = 0;
		};
		04B707371D5763C000D11204 /* Build configuration list for PBXNativeTarget "AgendaContatosUITests" */ = {
			isa = XCConfigurationList;
			buildConfigurations = (
				04B707381D5763C000D11204 /* Debug */,
				04B707391D5763C000D11204 /* Release */,
			);
			defaultConfigurationIsVisible = 0;
		};
/* End XCConfigurationList section */

/* Begin XCVersionGroup section */
		04B707101D5763BF00D11204 /* AgendaContatos.xcdatamodeld */ = {
			isa = XCVersionGroup;
			children = (
				04B707111D5763BF00D11204 /* AgendaContatos.xcdatamodel */,
			);
			currentVersion = 04B707111D5763BF00D11204 /* AgendaContatos.xcdatamodel */;
			path = AgendaContatos.xcdatamodeld;
			sourceTree = "<group>";
			versionGroupType = wrapper.xcdatamodel;
		};
/* End XCVersionGroup section */
	};
	rootObject = 04B706F91D5763BF00D11204 /* Project object */;
}
